// !$*UTF8*$!
{
	archiveVersion = 1;
	classes = {
	};
	objectVersion = 50;
	objects = {

/* Begin PBXBuildFile section */
		CBBDABA82408E98200240C5C /* AppDelegate.m in Sources */ = {isa = PBXBuildFile; fileRef = CBBDABA72408E98200240C5C /* AppDelegate.m */; };
		CBBDABAB2408E98200240C5C /* SceneDelegate.m in Sources */ = {isa = PBXBuildFile; fileRef = CBBDABAA2408E98200240C5C /* SceneDelegate.m */; };
		CBBDABAE2408E98200240C5C /* ViewController.m in Sources */ = {isa = PBXBuildFile; fileRef = CBBDABAD2408E98200240C5C /* ViewController.m */; };
		CBBDABB12408E98200240C5C /* Main.storyboard in Resources */ = {isa = PBXBuildFile; fileRef = CBBDABAF2408E98200240C5C /* Main.storyboard */; };
		CBBDABB32408E98B00240C5C /* Assets.xcassets in Resources */ = {isa = PBXBuildFile; fileRef = CBBDABB22408E98B00240C5C /* Assets.xcassets */; };
		CBBDABB62408E98B00240C5C /* LaunchScreen.storyboard in Resources */ = {isa = PBXBuildFile; fileRef = CBBDABB42408E98B00240C5C /* LaunchScreen.storyboard */; };
		CBBDABB92408E98B00240C5C /* main.m in Sources */ = {isa = PBXBuildFile; fileRef = CBBDABB82408E98B00240C5C /* main.m */; };
		CBBDABC32408E9CA00240C5C /* UIView+Gradient.m in Sources */ = {isa = PBXBuildFile; fileRef = CBBDABC22408E9CA00240C5C /* UIView+Gradient.m */; };
		CBBDABC62408E9D400240C5C /* UICollectionView+LG.m in Sources */ = {isa = PBXBuildFile; fileRef = CBBDABC52408E9D400240C5C /* UICollectionView+LG.m */; };
		CBBDABD22408E9F100240C5C /* UIScrollView+LGType.m in Sources */ = {isa = PBXBuildFile; fileRef = CBBDABC92408E9F000240C5C /* UIScrollView+LGType.m */; };
		CBBDABD32408E9F100240C5C /* LGCollectionViewCell.m in Sources */ = {isa = PBXBuildFile; fileRef = CBBDABCB2408E9F000240C5C /* LGCollectionViewCell.m */; };
		CBBDABD42408E9F100240C5C /* LGCollectionReusableView.m in Sources */ = {isa = PBXBuildFile; fileRef = CBBDABCD2408E9F000240C5C /* LGCollectionReusableView.m */; };
		CBBDABD52408E9F100240C5C /* LGScrollView.m in Sources */ = {isa = PBXBuildFile; fileRef = CBBDABD02408E9F000240C5C /* LGScrollView.m */; };
		CBBDABD62408E9F100240C5C /* LGCollectionView.m in Sources */ = {isa = PBXBuildFile; fileRef = CBBDABD12408E9F100240C5C /* LGCollectionView.m */; };
/* End PBXBuildFile section */

/* Begin PBXFileReference section */
		CBBDABA32408E98200240C5C /* UIScrollViewTest.app */ = {isa = PBXFileReference; explicitFileType = wrapper.application; includeInIndex = 0; path = UIScrollViewTest.app; sourceTree = BUILT_PRODUCTS_DIR; };
		CBBDABA62408E98200240C5C /* AppDelegate.h */ = {isa = PBXFileReference; lastKnownFileType = sourcecode.c.h; path = AppDelegate.h; sourceTree = "<group>"; };
		CBBDABA72408E98200240C5C /* AppDelegate.m */ = {isa = PBXFileReference; lastKnownFileType = sourcecode.c.objc; path = AppDelegate.m; sourceTree = "<group>"; };
		CBBDABA92408E98200240C5C /* SceneDelegate.h */ = {isa = PBXFileReference; lastKnownFileType = sourcecode.c.h; path = SceneDelegate.h; sourceTree = "<group>"; };
		CBBDABAA2408E98200240C5C /* SceneDelegate.m */ = {isa = PBXFileReference; lastKnownFileType = sourcecode.c.objc; path = SceneDelegate.m; sourceTree = "<group>"; };
		CBBDABAC2408E98200240C5C /* ViewController.h */ = {isa = PBXFileReference; lastKnownFileType = sourcecode.c.h; path = ViewController.h; sourceTree = "<group>"; };
		CBBDABAD2408E98200240C5C /* ViewController.m */ = {isa = PBXFileReference; lastKnownFileType = sourcecode.c.objc; path = ViewController.m; sourceTree = "<group>"; };
		CBBDABB02408E98200240C5C /* Base */ = {isa = PBXFileReference; lastKnownFileType = file.storyboard; name = Base; path = Base.lproj/Main.storyboard; sourceTree = "<group>"; };
		CBBDABB22408E98B00240C5C /* Assets.xcassets */ = {isa = PBXFileReference; lastKnownFileType = folder.assetcatalog; path = Assets.xcassets; sourceTree = "<group>"; };
		CBBDABB52408E98B00240C5C /* Base */ = {isa = PBXFileReference; lastKnownFileType = file.storyboard; name = Base; path = Base.lproj/LaunchScreen.storyboard; sourceTree = "<group>"; };
		CBBDABB72408E98B00240C5C /* Info.plist */ = {isa = PBXFileReference; lastKnownFileType = text.plist.xml; path = Info.plist; sourceTree = "<group>"; };
		CBBDABB82408E98B00240C5C /* main.m */ = {isa = PBXFileReference; lastKnownFileType = sourcecode.c.objc; path = main.m; sourceTree = "<group>"; };
		CBBDABC12408E9CA00240C5C /* UIView+Gradient.h */ = {isa = PBXFileReference; fileEncoding = 4; lastKnownFileType = sourcecode.c.h; path = "UIView+Gradient.h"; sourceTree = "<group>"; };
		CBBDABC22408E9CA00240C5C /* UIView+Gradient.m */ = {isa = PBXFileReference; fileEncoding = 4; lastKnownFileType = sourcecode.c.objc; path = "UIView+Gradient.m"; sourceTree = "<group>"; };
		CBBDABC42408E9D400240C5C /* UICollectionView+LG.h */ = {isa = PBXFileReference; fileEncoding = 4; lastKnownFileType = sourcecode.c.h; path = "UICollectionView+LG.h"; sourceTree = "<group>"; };
		CBBDABC52408E9D400240C5C /* UICollectionView+LG.m */ = {isa = PBXFileReference; fileEncoding = 4; lastKnownFileType = sourcecode.c.objc; path = "UICollectionView+LG.m"; sourceTree = "<group>"; };
		CBBDABC82408E9F000240C5C /* UIScrollView+LGType.h */ = {isa = PBXFileReference; fileEncoding = 4; lastKnownFileType = sourcecode.c.h; path = "UIScrollView+LGType.h"; sourceTree = "<group>"; };
		CBBDABC92408E9F000240C5C /* UIScrollView+LGType.m */ = {isa = PBXFileReference; fileEncoding = 4; lastKnownFileType = sourcecode.c.objc; path = "UIScrollView+LGType.m"; sourceTree = "<group>"; };
		CBBDABCA2408E9F000240C5C /* LGCollectionViewCell.h */ = {isa = PBXFileReference; fileEncoding = 4; lastKnownFileType = sourcecode.c.h; path = LGCollectionViewCell.h; sourceTree = "<group>"; };
		CBBDABCB2408E9F000240C5C /* LGCollectionViewCell.m */ = {isa = PBXFileReference; fileEncoding = 4; lastKnownFileType = sourcecode.c.objc; path = LGCollectionViewCell.m; sourceTree = "<group>"; };
		CBBDABCC2408E9F000240C5C /* LGCollectionView.h */ = {isa = PBXFileReference; fileEncoding = 4; lastKnownFileType = sourcecode.c.h; path = LGCollectionView.h; sourceTree = "<group>"; };
		CBBDABCD2408E9F000240C5C /* LGCollectionReusableView.m */ = {isa = PBXFileReference; fileEncoding = 4; lastKnownFileType = sourcecode.c.objc; path = LGCollectionReusableView.m; sourceTree = "<group>"; };
		CBBDABCE2408E9F000240C5C /* LGCollectionReusableView.h */ = {isa = PBXFileReference; fileEncoding = 4; lastKnownFileType = sourcecode.c.h; path = LGCollectionReusableView.h; sourceTree = "<group>"; };
		CBBDABCF2408E9F000240C5C /* LGScrollView.h */ = {isa = PBXFileReference; fileEncoding = 4; lastKnownFileType = sourcecode.c.h; path = LGScrollView.h; sourceTree = "<group>"; };
		CBBDABD02408E9F000240C5C /* LGScrollView.m */ = {isa = PBXFileReference; fileEncoding = 4; lastKnownFileType = sourcecode.c.objc; path = LGScrollView.m; sourceTree = "<group>"; };
		CBBDABD12408E9F100240C5C /* LGCollectionView.m */ = {isa = PBXFileReference; fileEncoding = 4; lastKnownFileType = sourcecode.c.objc; path = LGCollectionView.m; sourceTree = "<group>"; };
/* End PBXFileReference section */

/* Begin PBXFrameworksBuildPhase section */
		CBBDABA02408E98200240C5C /* Frameworks */ = {
			isa = PBXFrameworksBuildPhase;
			buildActionMask = 2147483647;
			files = (
			);
			runOnlyForDeploymentPostprocessing = 0;
		};
/* End PBXFrameworksBuildPhase section */

/* Begin PBXGroup section */
		CBBDAB9A2408E98200240C5C = {
			isa = PBXGroup;
			children = (
				CBBDABC02408E9B200240C5C /* Untils */,
				CBBDABA52408E98200240C5C /* UIScrollViewTest */,
				CBBDABA42408E98200240C5C /* Products */,
			);
			sourceTree = "<group>";
		};
		CBBDABA42408E98200240C5C /* Products */ = {
			isa = PBXGroup;
			children = (
				CBBDABA32408E98200240C5C /* UIScrollViewTest.app */,
			);
			name = Products;
			sourceTree = "<group>";
		};
		CBBDABA52408E98200240C5C /* UIScrollViewTest */ = {
			isa = PBXGroup;
			children = (
				CBBDABC72408E9E000240C5C /* Test */,
				CBBDABA62408E98200240C5C /* AppDelegate.h */,
				CBBDABA72408E98200240C5C /* AppDelegate.m */,
				CBBDABA92408E98200240C5C /* SceneDelegate.h */,
				CBBDABAA2408E98200240C5C /* SceneDelegate.m */,
				CBBDABAC2408E98200240C5C /* ViewController.h */,
				CBBDABAD2408E98200240C5C /* ViewController.m */,
				CBBDABAF2408E98200240C5C /* Main.storyboard */,
				CBBDABB22408E98B00240C5C /* Assets.xcassets */,
				CBBDABB42408E98B00240C5C /* LaunchScreen.storyboard */,
				CBBDABB72408E98B00240C5C /* Info.plist */,
				CBBDABB82408E98B00240C5C /* main.m */,
			);
			path = UIScrollViewTest;
			sourceTree = "<group>";
		};
		CBBDABC02408E9B200240C5C /* Untils */ = {
			isa = PBXGroup;
			children = (
				CBBDABC42408E9D400240C5C /* UICollectionView+LG.h */,
				CBBDABC52408E9D400240C5C /* UICollectionView+LG.m */,
				CBBDABC12408E9CA00240C5C /* UIView+Gradient.h */,
				CBBDABC22408E9CA00240C5C /* UIView+Gradient.m */,
			);
			path = Untils;
			sourceTree = "<group>";
		};
		CBBDABC72408E9E000240C5C /* Test */ = {
			isa = PBXGroup;
			children = (
				CBBDABCE2408E9F000240C5C /* LGCollectionReusableView.h */,
				CBBDABCD2408E9F000240C5C /* LGCollectionReusableView.m */,
				CBBDABCC2408E9F000240C5C /* LGCollectionView.h */,
				CBBDABD12408E9F100240C5C /* LGCollectionView.m */,
				CBBDABCA2408E9F000240C5C /* LGCollectionViewCell.h */,
				CBBDABCB2408E9F000240C5C /* LGCollectionViewCell.m */,
				CBBDABCF2408E9F000240C5C /* LGScrollView.h */,
				CBBDABD02408E9F000240C5C /* LGScrollView.m */,
				CBBDABC82408E9F000240C5C /* UIScrollView+LGType.h */,
				CBBDABC92408E9F000240C5C /* UIScrollView+LGType.m */,
			);
			path = Test;
			sourceTree = "<group>";
		};
/* End PBXGroup section */

/* Begin PBXNativeTarget section */
		CBBDABA22408E98200240C5C /* UIScrollViewTest */ = {
			isa = PBXNativeTarget;
			buildConfigurationList = CBBDABBC2408E98B00240C5C /* Build configuration list for PBXNativeTarget "UIScrollViewTest" */;
			buildPhases = (
				CBBDAB9F2408E98200240C5C /* Sources */,
				CBBDABA02408E98200240C5C /* Frameworks */,
				CBBDABA12408E98200240C5C /* Resources */,
			);
			buildRules = (
			);
			dependencies = (
			);
			name = UIScrollViewTest;
			productName = UIScrollViewTest;
			productReference = CBBDABA32408E98200240C5C /* UIScrollViewTest.app */;
			productType = "com.apple.product-type.application";
		};
/* End PBXNativeTarget section */

/* Begin PBXProject section */
		CBBDAB9B2408E98200240C5C /* Project object */ = {
			isa = PBXProject;
			attributes = {
				LastUpgradeCheck = 1130;
				ORGANIZATIONNAME = lg;
				TargetAttributes = {
					CBBDABA22408E98200240C5C = {
						CreatedOnToolsVersion = 11.3.1;
					};
				};
			};
			buildConfigurationList = CBBDAB9E2408E98200240C5C /* Build configuration list for PBXProject "UIScrollViewTest" */;
			compatibilityVersion = "Xcode 9.3";
			developmentRegion = en;
			hasScannedForEncodings = 0;
			knownRegions = (
				en,
				Base,
			);
			mainGroup = CBBDAB9A2408E98200240C5C;
			productRefGroup = CBBDABA42408E98200240C5C /* Products */;
			projectDirPath = "";
			projectRoot = "";
			targets = (
				CBBDABA22408E98200240C5C /* UIScrollViewTest */,
			);
		};
/* End PBXProject section */

/* Begin PBXResourcesBuildPhase section */
		CBBDABA12408E98200240C5C /* Resources */ = {
			isa = PBXResourcesBuildPhase;
			buildActionMask = 2147483647;
			files = (
				CBBDABB62408E98B00240C5C /* LaunchScreen.storyboard in Resources */,
				CBBDABB32408E98B00240C5C /* Assets.xcassets in Resources */,
				CBBDABB12408E98200240C5C /* Main.storyboard in Resources */,
			);
			runOnlyForDeploymentPostprocessing = 0;
		};
/* End PBXResourcesBuildPhase section */

/* Begin PBXSourcesBuildPhase section */
		CBBDAB9F2408E98200240C5C /* Sources */ = {
			isa = PBXSourcesBuildPhase;
			buildActionMask = 2147483647;
			files = (
				CBBDABD52408E9F100240C5C /* LGScrollView.m in Sources */,
				CBBDABAE2408E98200240C5C /* ViewController.m in Sources */,
				CBBDABA82408E98200240C5C /* AppDelegate.m in Sources */,
				CBBDABD42408E9F100240C5C /* LGCollectionReusableView.m in Sources */,
				CBBDABD62408E9F100240C5C /* LGCollectionView.m in Sources */,
				CBBDABD22408E9F100240C5C /* UIScrollView+LGType.m in Sources */,
				CBBDABD32408E9F100240C5C /* LGCollectionViewCell.m in Sources */,
				CBBDABC32408E9CA00240C5C /* UIView+Gradient.m in Sources */,
				CBBDABC62408E9D400240C5C /* UICollectionView+LG.m in Sources */,
				CBBDABB92408E98B00240C5C /* main.m in Sources */,
				CBBDABAB2408E98200240C5C /* SceneDelegate.m in Sources */,
			);
			runOnlyForDeploymentPostprocessing = 0;
		};
/* End PBXSourcesBuildPhase section */

/* Begin PBXVariantGroup section */
		CBBDABAF2408E98200240C5C /* Main.storyboard */ = {
			isa = PBXVariantGroup;
			children = (
				CBBDABB02408E98200240C5C /* Base */,
			);
			name = Main.storyboard;
			sourceTree = "<group>";
		};
		CBBDABB42408E98B00240C5C /* LaunchScreen.storyboard */ = {
			isa = PBXVariantGroup;
			children = (
				CBBDABB52408E98B00240C5C /* Base */,
			);
			name = LaunchScreen.storyboard;
			sourceTree = "<group>";
		};
/* End PBXVariantGroup section */

/* Begin XCBuildConfiguration section */
		CBBDABBA2408E98B00240C5C /* Debug */ = {
			isa = XCBuildConfiguration;
			buildSettings = {
				ALWAYS_SEARCH_USER_PATHS = NO;
				CLANG_ANALYZER_NONNULL = YES;
				CLANG_ANALYZER_NUMBER_OBJECT_CONVERSION = YES_AGGRESSIVE;
				CLANG_CXX_LANGUAGE_STANDARD = "gnu++14";
				CLANG_CXX_LIBRARY = "libc++";
				CLANG_ENABLE_MODULES = YES;
				CLANG_ENABLE_OBJC_ARC = YES;
				CLANG_ENABLE_OBJC_WEAK = YES;
				CLANG_WARN_BLOCK_CAPTURE_AUTORELEASING = YES;
				CLANG_WARN_BOOL_CONVERSION = YES;
				CLANG_WARN_COMMA = YES;
				CLANG_WARN_CONSTANT_CONVERSION = YES;
				CLANG_WARN_DEPRECATED_OBJC_IMPLEMENTATIONS = YES;
				CLANG_WARN_DIRECT_OBJC_ISA_USAGE = YES_ERROR;
				CLANG_WARN_DOCUMENTATION_COMMENTS = YES;
				CLANG_WARN_EMPTY_BODY = YES;
				CLANG_WARN_ENUM_CONVERSION = YES;
				CLANG_WARN_INFINITE_RECURSION = YES;
				CLANG_WARN_INT_CONVERSION = YES;
				CLANG_WARN_NON_LITERAL_NULL_CONVERSION = YES;
				CLANG_WARN_OBJC_IMPLICIT_RETAIN_SELF = YES;
				CLANG_WARN_OBJC_LITERAL_CONVERSION = YES;
				CLANG_WARN_OBJC_ROOT_CLASS = YES_ERROR;
				CLANG_WARN_RANGE_LOOP_ANALYSIS = YES;
				CLANG_WARN_STRICT_PROTOTYPES = YES;
				CLANG_WARN_SUSPICIOUS_MOVE = YES;
				CLANG_WARN_UNGUARDED_AVAILABILITY = YES_AGGRESSIVE;
				CLANG_WARN_UNREACHABLE_CODE = YES;
				CLANG_WARN__DUPLICATE_METHOD_MATCH = YES;
				COPY_PHASE_STRIP = NO;
				DEBUG_INFORMATION_FORMAT = dwarf;
				ENABLE_STRICT_OBJC_MSGSEND = YES;
				ENABLE_TESTABILITY = YES;
				GCC_C_LANGUAGE_STANDARD = gnu11;
				GCC_DYNAMIC_NO_PIC = NO;
				GCC_NO_COMMON_BLOCKS = YES;
				GCC_OPTIMIZATION_LEVEL = 0;
				GCC_PREPROCESSOR_DEFINITIONS = (
					"DEBUG=1",
					"$(inherited)",
				);
				GCC_WARN_64_TO_32_BIT_CONVERSION = YES;
				GCC_WARN_ABOUT_RETURN_TYPE = YES_ERROR;
				GCC_WARN_UNDECLARED_SELECTOR = YES;
				GCC_WARN_UNINITIALIZED_AUTOS = YES_AGGRESSIVE;
				GCC_WARN_UNUSED_FUNCTION = YES;
				GCC_WARN_UNUSED_VARIABLE = YES;
				IPHONEOS_DEPLOYMENT_TARGET = 13.2;
				MTL_ENABLE_DEBUG_INFO = INCLUDE_SOURCE;
				MTL_FAST_MATH = YES;
				ONLY_ACTIVE_ARCH = YES;
				SDKROOT = iphoneos;
			};
			name = Debug;
		};
		CBBDABBB2408E98B00240C5C /* Release */ = {
			isa = XCBuildConfiguration;
			buildSettings = {
				ALWAYS_SEARCH_USER_PATHS = NO;
				CLANG_ANALYZER_NONNULL = YES;
				CLANG_ANALYZER_NUMBER_OBJECT_CONVERSION = YES_AGGRESSIVE;
				CLANG_CXX_LANGUAGE_STANDARD = "gnu++14";
				CLANG_CXX_LIBRARY = "libc++";
				CLANG_ENABLE_MODULES = YES;
				CLANG_ENABLE_OBJC_ARC = YES;
				CLANG_ENABLE_OBJC_WEAK = YES;
				CLANG_WARN_BLOCK_CAPTURE_AUTORELEASING = YES;
				CLANG_WARN_BOOL_CONVERSION = YES;
				CLANG_WARN_COMMA = YES;
				CLANG_WARN_CONSTANT_CONVERSION = YES;
				CLANG_WARN_DEPRECATED_OBJC_IMPLEMENTATIONS = YES;
				CLANG_WARN_DIRECT_OBJC_ISA_USAGE = YES_ERROR;
				CLANG_WARN_DOCUMENTATION_COMMENTS = YES;
				CLANG_WARN_EMPTY_BODY = YES;
				CLANG_WARN_ENUM_CONVERSION = YES;
				CLANG_WARN_INFINITE_RECURSION = YES;
				CLANG_WARN_INT_CONVERSION = YES;
				CLANG_WARN_NON_LITERAL_NULL_CONVERSION = YES;
				CLANG_WARN_OBJC_IMPLICIT_RETAIN_SELF = YES;
				CLANG_WARN_OBJC_LITERAL_CONVERSION = YES;
				CLANG_WARN_OBJC_ROOT_CLASS = YES_ERROR;
				CLANG_WARN_RANGE_LOOP_ANALYSIS = YES;
				CLANG_WARN_STRICT_PROTOTYPES = YES;
				CLANG_WARN_SUSPICIOUS_MOVE = YES;
				CLANG_WARN_UNGUARDED_AVAILABILITY = YES_AGGRESSIVE;
				CLANG_WARN_UNREACHABLE_CODE = YES;
				CLANG_WARN__DUPLICATE_METHOD_MATCH = YES;
				COPY_PHASE_STRIP = NO;
				DEBUG_INFORMATION_FORMAT = "dwarf-with-dsym";
				ENABLE_NS_ASSERTIONS = NO;
				ENABLE_STRICT_OBJC_MSGSEND = YES;
				GCC_C_LANGUAGE_STANDARD = gnu11;
				GCC_NO_COMMON_BLOCKS = YES;
				GCC_WARN_64_TO_32_BIT_CONVERSION = YES;
				GCC_WARN_ABOUT_RETURN_TYPE = YES_ERROR;
				GCC_WARN_UNDECLARED_SELECTOR = YES;
				GCC_WARN_UNINITIALIZED_AUTOS = YES_AGGRESSIVE;
				GCC_WARN_UNUSED_FUNCTION = YES;
				GCC_WARN_UNUSED_VARIABLE = YES;
				IPHONEOS_DEPLOYMENT_TARGET = 13.2;
				MTL_ENABLE_DEBUG_INFO = NO;
				MTL_FAST_MATH = YES;
				SDKROOT = iphoneos;
				VALIDATE_PRODUCT = YES;
			};
			name = Release;
		};
		CBBDABBD2408E98B00240C5C /* Debug */ = {
			isa = XCBuildConfiguration;
			buildSettings = {
				ASSETCATALOG_COMPILER_APPICON_NAME = AppIcon;
				CODE_SIGN_STYLE = Automatic;
				DEVELOPMENT_TEAM = P9U3B2WZ8G;
				INFOPLIST_FILE = UIScrollViewTest/Info.plist;
				LD_RUNPATH_SEARCH_PATHS = (
					"$(inherited)",
					"@executable_path/Frameworks",
				);
				PRODUCT_BUNDLE_IDENTIFIER = com.lg.UIScrollViewTest;
				PRODUCT_NAME = "$(TARGET_NAME)";
				TARGETED_DEVICE_FAMILY = "1,2";
			};
			name = Debug;
		};
		CBBDABBE2408E98B00240C5C /* Release */ = {
			isa = XCBuildConfiguration;
			buildSettings = {
				ASSETCATALOG_COMPILER_APPICON_NAME = AppIcon;
				CODE_SIGN_STYLE = Automatic;
				DEVELOPMENT_TEAM = P9U3B2WZ8G;
				INFOPLIST_FILE = UIScrollViewTest/Info.plist;
				LD_RUNPATH_SEARCH_PATHS = (
					"$(inherited)",
					"@executable_path/Frameworks",
				);
				PRODUCT_BUNDLE_IDENTIFIER = com.lg.UIScrollViewTest;
				PRODUCT_NAME = "$(TARGET_NAME)";
				TARGETED_DEVICE_FAMILY = "1,2";
			};
			name = Release;
		};
/* End XCBuildConfiguration section */

/* Begin XCConfigurationList section */
		CBBDAB9E2408E98200240C5C /* Build configuration list for PBXProject "UIScrollViewTest" */ = {
			isa = XCConfigurationList;
			buildConfigurations = (
				CBBDABBA2408E98B00240C5C /* Debug */,
				CBBDABBB2408E98B00240C5C /* Release */,
			);
			defaultConfigurationIsVisible = 0;
			defaultConfigurationName = Release;
		};
		CBBDABBC2408E98B00240C5C /* Build configuration list for PBXNativeTarget "UIScrollViewTest" */ = {
			isa = XCConfigurationList;
			buildConfigurations = (
				CBBDABBD2408E98B00240C5C /* Debug */,
				CBBDABBE2408E98B00240C5C /* Release */,
			);
			defaultConfigurationIsVisible = 0;
			defaultConfigurationName = Release;
		};
/* End XCConfigurationList section */
	};
	rootObject = CBBDAB9B2408E98200240C5C /* Project object */;
}
